
Microsoft Visual Studio Solution File, Format Version 12.00
# Visual Studio 15
VisualStudioVersion = 15.0.27004.2009
MinimumVisualStudioVersion = 10.0.40219.1
Project("{9A19103F-16F7-4668-BE54-9A1E7A4F7556}") = "DfmWeb.App", "DfmWeb.App\DfmWeb.App.csproj", "{F4C94062-36C0-4707-9D6F-0B14C6547AB9}"
EndProject
Project("{FAE04EC0-301F-11D3-BF4B-00C04F79EFBC}") = "DfmServer.Managed", "DfmServer.Managed\DfmServer.Managed.csproj", "{4B758F10-0E08-4C2E-8C4A-29C88178836B}"
EndProject
Project("{FAE04EC0-301F-11D3-BF4B-00C04F79EFBC}") = "DfmWeb.Core", "DfmWeb.Core\DfmWeb.Core.csproj", "{B5570C08-49F4-477E-BF09-9B555C62ABA2}"
EndProject
Project("{FAE04EC0-301F-11D3-BF4B-00C04F79EFBC}") = "Workflow.Core", "Workflow.Core\Workflow.Core.csproj", "{36DEE25D-84FD-4584-8F20-1142EA6C8187}"
EndProject
Project("{FAE04EC0-301F-11D3-BF4B-00C04F79EFBC}") = "Workflow.Schema", "Workflow.Schema\Workflow.Schema.csproj", "{4ED99390-1111-4077-B22B-779FEE6F42F5}"
EndProject
Project("{FAE04EC0-301F-11D3-BF4B-00C04F79EFBC}") = "Workflow.Tests", "Workflow.Tests\Workflow.Tests.csproj", "{CA6451F8-0BA8-4A10-9F3F-B81B34AB8F23}"
EndProject
Project("{FAE04EC0-301F-11D3-BF4B-00C04F79EFBC}") = "Workflow.Expressions", "Workflow.Expressions\Workflow.Expressions.csproj", "{61CAEE23-5FD8-46EE-9E45-BF0C82038137}"
EndProject
Global
	GlobalSection(SolutionConfigurationPlatforms) = preSolution
		Debug|x86 = Debug|x86
		Release|x86 = Release|x86
	EndGlobalSection
	GlobalSection(ProjectConfigurationPlatforms) = postSolution
		{F4C94062-36C0-4707-9D6F-0B14C6547AB9}.Debug|x86.ActiveCfg = Debug|x86
		{F4C94062-36C0-4707-9D6F-0B14C6547AB9}.Debug|x86.Build.0 = Debug|x86
		{F4C94062-36C0-4707-9D6F-0B14C6547AB9}.Release|x86.ActiveCfg = Release|x86
		{F4C94062-36C0-4707-9D6F-0B14C6547AB9}.Release|x86.Build.0 = Release|x86
		{4B758F10-0E08-4C2E-8C4A-29C88178836B}.Debug|x86.ActiveCfg = Debug|x86
		{4B758F10-0E08-4C2E-8C4A-29C88178836B}.Debug|x86.Build.0 = Debug|x86
		{4B758F10-0E08-4C2E-8C4A-29C88178836B}.Release|x86.ActiveCfg = Release|x86
		{4B758F10-0E08-4C2E-8C4A-29C88178836B}.Release|x86.Build.0 = Release|x86
		{B5570C08-49F4-477E-BF09-9B555C62ABA2}.Debug|x86.ActiveCfg = Debug|x86
		{B5570C08-49F4-477E-BF09-9B555C62ABA2}.Debug|x86.Build.0 = Debug|x86
		{B5570C08-49F4-477E-BF09-9B555C62ABA2}.Release|x86.ActiveCfg = Release|x86
		{B5570C08-49F4-477E-BF09-9B555C62ABA2}.Release|x86.Build.0 = Release|x86
		{36DEE25D-84FD-4584-8F20-1142EA6C8187}.Debug|x86.ActiveCfg = Debug|x86
		{36DEE25D-84FD-4584-8F20-1142EA6C8187}.Debug|x86.Build.0 = Debug|x86
		{36DEE25D-84FD-4584-8F20-1142EA6C8187}.Release|x86.ActiveCfg = Release|x86
		{36DEE25D-84FD-4584-8F20-1142EA6C8187}.Release|x86.Build.0 = Release|x86
		{4ED99390-1111-4077-B22B-779FEE6F42F5}.Debug|x86.ActiveCfg = Debug|x86
		{4ED99390-1111-4077-B22B-779FEE6F42F5}.Debug|x86.Build.0 = Debug|x86
		{4ED99390-1111-4077-B22B-779FEE6F42F5}.Release|x86.ActiveCfg = Release|x86
		{4ED99390-1111-4077-B22B-779FEE6F42F5}.Release|x86.Build.0 = Release|x86
		{CA6451F8-0BA8-4A10-9F3F-B81B34AB8F23}.Debug|x86.ActiveCfg = Debug|x86
		{CA6451F8-0BA8-4A10-9F3F-B81B34AB8F23}.Debug|x86.Build.0 = Debug|x86
		{CA6451F8-0BA8-4A10-9F3F-B81B34AB8F23}.Release|x86.ActiveCfg = Release|x86
		{CA6451F8-0BA8-4A10-9F3F-B81B34AB8F23}.Release|x86.Build.0 = Release|x86
		{61CAEE23-5FD8-46EE-9E45-BF0C82038137}.Debug|x86.ActiveCfg = Debug|x86
		{61CAEE23-5FD8-46EE-9E45-BF0C82038137}.Debug|x86.Build.0 = Debug|x86
		{61CAEE23-5FD8-46EE-9E45-BF0C82038137}.Release|x86.ActiveCfg = Release|x86
		{61CAEE23-5FD8-46EE-9E45-BF0C82038137}.Release|x86.Build.0 = Release|x86
	EndGlobalSection
	GlobalSection(SolutionProperties) = preSolution
		HideSolutionNode = FALSE
	EndGlobalSection
	GlobalSection(ExtensibilityGlobals) = postSolution
		SolutionGuid = {BA88373F-761F-4F64-BCC0-80E57CC322CF}
	EndGlobalSection
EndGlobal
